{
  "name": "anki",
  "version": "1.0.0",
  "lockfileVersion": 1,
  "requires": true,
  "dependencies": {
    "csv-stringify": {
      "version": "5.6.2",
      "resolved": "https://registry.npmjs.org/csv-stringify/-/csv-stringify-5.6.2.tgz",
      "integrity": "sha512-n3rIVbX6ylm1YsX2NEug9IaPV8xRnT+9/NNZbrA/bcHgOSSeqtWla6XnI/xmyu57wIw+ASCAoX1oM6EZtqJV0A=="
    },
    "readline-sync": {
      "version": "1.4.10",
      "resolved": "https://registry.npmjs.org/readline-sync/-/readline-sync-1.4.10.tgz",
      "integrity": "sha512-gNva8/6UAe8QYepIQH/jQ2qn91Qj0B9sYjMBBs3QOB8F2CXcKgLxQaJRP76sWVRQt+QU+8fAkCbCvjjMFu7Ycw=="
    }
  }
}
